
Microsoft Visual Studio Solution File, Format Version 12.00
# Visual Studio 14
VisualStudioVersion = 14.0.24720.0
MinimumVisualStudioVersion = 10.0.40219.1
Project("{FAE04EC0-301F-11D3-BF4B-00C04F79EFBC}") = "EventSourcingProtoType.Web", "EventSourcingProtoType.Web\EventSourcingProtoType.Web.csproj", "{5F2C654A-3DD4-4843-80B9-4A0EF77D5D4B}"
EndProject
Project("{FAE04EC0-301F-11D3-BF4B-00C04F79EFBC}") = "EventSourcingProtoType.Messages", "EventSourcingProtoType.Messages\EventSourcingProtoType.Messages.csproj", "{CC053320-3B09-442F-B57F-950FF1F8E0F1}"
EndProject
Project("{FAE04EC0-301F-11D3-BF4B-00C04F79EFBC}") = "EventSourcingProtoType.Scheduler", "EventSourcingProtoType.Scheduler\EventSourcingProtoType.Scheduler.csproj", "{9C75A0FA-7968-443E-BA26-7336B2C8B6BC}"
EndProject
Project("{FAE04EC0-301F-11D3-BF4B-00C04F79EFBC}") = "EventSourcingProtoType.Tests", "EventSourcingProtoType.Tests\EventSourcingProtoType.Tests.csproj", "{0ED35B5D-C101-4AF8-899D-D3C2B808CDEB}"
EndProject
Global
	GlobalSection(SolutionConfigurationPlatforms) = preSolution
		Debug|Any CPU = Debug|Any CPU
		Release|Any CPU = Release|Any CPU
	EndGlobalSection
	GlobalSection(ProjectConfigurationPlatforms) = postSolution
		{5F2C654A-3DD4-4843-80B9-4A0EF77D5D4B}.Debug|Any CPU.ActiveCfg = Debug|Any CPU
		{5F2C654A-3DD4-4843-80B9-4A0EF77D5D4B}.Debug|Any CPU.Build.0 = Debug|Any CPU
		{5F2C654A-3DD4-4843-80B9-4A0EF77D5D4B}.Release|Any CPU.ActiveCfg = Release|Any CPU
		{5F2C654A-3DD4-4843-80B9-4A0EF77D5D4B}.Release|Any CPU.Build.0 = Release|Any CPU
		{CC053320-3B09-442F-B57F-950FF1F8E0F1}.Debug|Any CPU.ActiveCfg = Debug|Any CPU
		{CC053320-3B09-442F-B57F-950FF1F8E0F1}.Debug|Any CPU.Build.0 = Debug|Any CPU
		{CC053320-3B09-442F-B57F-950FF1F8E0F1}.Release|Any CPU.ActiveCfg = Release|Any CPU
		{CC053320-3B09-442F-B57F-950FF1F8E0F1}.Release|Any CPU.Build.0 = Release|Any CPU
		{9C75A0FA-7968-443E-BA26-7336B2C8B6BC}.Debug|Any CPU.ActiveCfg = Debug|Any CPU
		{9C75A0FA-7968-443E-BA26-7336B2C8B6BC}.Debug|Any CPU.Build.0 = Debug|Any CPU
		{9C75A0FA-7968-443E-BA26-7336B2C8B6BC}.Release|Any CPU.ActiveCfg = Release|Any CPU
		{9C75A0FA-7968-443E-BA26-7336B2C8B6BC}.Release|Any CPU.Build.0 = Release|Any CPU
		{0ED35B5D-C101-4AF8-899D-D3C2B808CDEB}.Debug|Any CPU.ActiveCfg = Debug|Any CPU
		{0ED35B5D-C101-4AF8-899D-D3C2B808CDEB}.Debug|Any CPU.Build.0 = Debug|Any CPU
		{0ED35B5D-C101-4AF8-899D-D3C2B808CDEB}.Release|Any CPU.ActiveCfg = Release|Any CPU
		{0ED35B5D-C101-4AF8-899D-D3C2B808CDEB}.Release|Any CPU.Build.0 = Release|Any CPU
	EndGlobalSection
	GlobalSection(SolutionProperties) = preSolution
		HideSolutionNode = FALSE
	EndGlobalSection
EndGlobal
